
Microsoft Visual Studio Solution File, Format Version 12.00
# Visual Studio Express 15 for Windows Desktop
VisualStudioVersion = 15.0.27703.2026
MinimumVisualStudioVersion = 10.0.40219.1
Project("{8BC9CEB8-8B4A-11D0-8D11-00A0C91BC942}") = "sdl_mandelbrot", "sdl_mandelbrot.vcxproj", "{C7C0A0B9-EB25-4BAD-9637-25ADE57353C8}"
EndProject
Global
	GlobalSection(SolutionConfigurationPlatforms) = preSolution
		Debug|x86 = Debug|x86
		Release|x86 = Release|x86
	EndGlobalSection
	GlobalSection(ProjectConfigurationPlatforms) = postSolution
		{C7C0A0B9-EB25-4BAD-9637-25ADE57353C8}.Debug|x86.ActiveCfg = Debug|Win32
		{C7C0A0B9-EB25-4BAD-9637-25ADE57353C8}.Debug|x86.Build.0 = Debug|Win32
		{C7C0A0B9-EB25-4BAD-9637-25ADE57353C8}.Release|x86.ActiveCfg = Release|Win32
		{C7C0A0B9-EB25-4BAD-9637-25ADE57353C8}.Release|x86.Build.0 = Release|Win32
	EndGlobalSection
	GlobalSection(SolutionProperties) = preSolution
		HideSolutionNode = FALSE
	EndGlobalSection
	GlobalSection(ExtensibilityGlobals) = postSolution
		SolutionGuid = {9C644CDC-25C6-4427-95F3-0D7C57798447}
	EndGlobalSection
EndGlobal
